// !$*UTF8*$!
{
	archiveVersion = 1;
	classes = {
	};
	objectVersion = 77;
	objects = {

/* Begin PBXBuildFile section */
		F470B3022F7E8D000044964C /* StockPriceTrackerTests.swift in Sources */ = {isa = PBXBuildFile; fileRef = F428F9AC2F7E7DA000C84A3C /* StockPriceTrackerTests.swift */; };
		F470B3122F7E8F580044964C /* StockPriceTrackeriOS.framework in Frameworks */ = {isa = PBXBuildFile; fileRef = F470B3092F7E8F580044964C /* StockPriceTrackeriOS.framework */; };
		F470B32A2F7E8FC40044964C /* StockPriceTrackeriOSTests.swift in Sources */ = {isa = PBXBuildFile; fileRef = F470B3282F7E8FC40044964C /* StockPriceTrackeriOSTests.swift */; };
		F470B32B2F7E8FC40044964C /* StockPriceTrackeriOS.swift in Sources */ = {isa = PBXBuildFile; fileRef = F470B3262F7E8FC40044964C /* StockPriceTrackeriOS.swift */; };
		F470B32D2F7E8FC40044964C /* StockPriceTrackeriOS.swift in Sources */ = {isa = PBXBuildFile; fileRef = F470B3262F7E8FC40044964C /* StockPriceTrackeriOS.swift */; };
		F470B3322F7E930E0044964C /* StockPriceTrackeriOS.xctestplan in Resources */ = {isa = PBXBuildFile; fileRef = F470B3312F7E930E0044964C /* StockPriceTrackeriOS.xctestplan */; };
		F470B34A2F7EAA050044964C /* ResourceView.swift in Sources */ = {isa = PBXBuildFile; fileRef = F470B3392F7EAA050044964C /* ResourceView.swift */; };
		F470B34B2F7EAA050044964C /* StockFeedController.swift in Sources */ = {isa = PBXBuildFile; fileRef = F470B33C2F7EAA050044964C /* StockFeedController.swift */; };
		F470B34C2F7EAA050044964C /* StockViewModels.swift in Sources */ = {isa = PBXBuildFile; fileRef = F470B3422F7EAA050044964C /* StockViewModels.swift */; };
		F470B34D2F7EAA050044964C /* StockDetailPresenter.swift in Sources */ = {isa = PBXBuildFile; fileRef = F470B3402F7EAA050044964C /* StockDetailPresenter.swift */; };
		F470B34E2F7EAA050044964C /* StockDescriptions.swift in Sources */ = {isa = PBXBuildFile; fileRef = F470B3442F7EAA050044964C /* StockDescriptions.swift */; };
		F470B34F2F7EAA050044964C /* WebSocketStockFeedLoader.swift in Sources */ = {isa = PBXBuildFile; fileRef = F470B3482F7EAA050044964C /* WebSocketStockFeedLoader.swift */; };
		F470B3502F7EAA050044964C /* StockPresenter.swift in Sources */ = {isa = PBXBuildFile; fileRef = F470B3412F7EAA050044964C /* StockPresenter.swift */; };
		F470B3512F7EAA050044964C /* SortOption.swift in Sources */ = {isa = PBXBuildFile; fileRef = F470B33F2F7EAA050044964C /* SortOption.swift */; };
		F470B3522F7EAA050044964C /* StockFeedLoader.swift in Sources */ = {isa = PBXBuildFile; fileRef = F470B33D2F7EAA050044964C /* StockFeedLoader.swift */; };
		F470B3532F7EAA050044964C /* StockMessageMapper.swift in Sources */ = {isa = PBXBuildFile; fileRef = F470B3452F7EAA050044964C /* StockMessageMapper.swift */; };
		F470B3542F7EAA050044964C /* Stock.swift in Sources */ = {isa = PBXBuildFile; fileRef = F470B33B2F7EAA050044964C /* Stock.swift */; };
		F470B3552F7EAA050044964C /* ResourceErrorViewModel.swift in Sources */ = {isa = PBXBuildFile; fileRef = F470B3372F7EAA050044964C /* ResourceErrorViewModel.swift */; };
		F470B3562F7EAA050044964C /* LoadResourcePresenter.swift in Sources */ = {isa = PBXBuildFile; fileRef = F470B3362F7EAA050044964C /* LoadResourcePresenter.swift */; };
		F470B3572F7EAA050044964C /* ResourceLoadingViewModel.swift in Sources */ = {isa = PBXBuildFile; fileRef = F470B3382F7EAA050044964C /* ResourceLoadingViewModel.swift */; };
		F470B3582F7EAA050044964C /* URLSessionWebSocketClient.swift in Sources */ = {isa = PBXBuildFile; fileRef = F470B3462F7EAA050044964C /* URLSessionWebSocketClient.swift */; };
		F470B3592F7EAA050044964C /* WebSocketClient.swift in Sources */ = {isa = PBXBuildFile; fileRef = F470B3472F7EAA050044964C /* WebSocketClient.swift */; };
		F48301CF2F7E7CEF00310FC2 /* StockPriceTracker.framework in Frameworks */ = {isa = PBXBuildFile; fileRef = F48301C52F7E7CEE00310FC2 /* StockPriceTracker.framework */; };
/* End PBXBuildFile section */

/* Begin PBXContainerItemProxy section */
		F470B3132F7E8F580044964C /* PBXContainerItemProxy */ = {
			isa = PBXContainerItemProxy;
			containerPortal = F48301BC2F7E7CEE00310FC2 /* Project object */;
			proxyType = 1;
			remoteGlobalIDString = F470B3082F7E8F580044964C;
			remoteInfo = StockPriceTrackeriOS;
		};
		F48301D02F7E7CEF00310FC2 /* PBXContainerItemProxy */ = {
			isa = PBXContainerItemProxy;
			containerPortal = F48301BC2F7E7CEE00310FC2 /* Project object */;
			proxyType = 1;
			remoteGlobalIDString = F48301C42F7E7CEE00310FC2;
			remoteInfo = StockPriceTracker;
		};
/* End PBXContainerItemProxy section */

/* Begin PBXFileReference section */
		F428F9AC2F7E7DA000C84A3C /* StockPriceTrackerTests.swift */ = {isa = PBXFileReference; lastKnownFileType = sourcecode.swift; path = StockPriceTrackerTests.swift; sourceTree = "<group>"; };
		F470B3092F7E8F580044964C /* StockPriceTrackeriOS.framework */ = {isa = PBXFileReference; explicitFileType = wrapper.framework; includeInIndex = 0; path = StockPriceTrackeriOS.framework; sourceTree = BUILT_PRODUCTS_DIR; };
		F470B3112F7E8F580044964C /* StockPriceTrackeriOSTests.xctest */ = {isa = PBXFileReference; explicitFileType = wrapper.cfbundle; includeInIndex = 0; path = StockPriceTrackeriOSTests.xctest; sourceTree = BUILT_PRODUCTS_DIR; };
		F470B3262F7E8FC40044964C /* StockPriceTrackeriOS.swift */ = {isa = PBXFileReference; lastKnownFileType = sourcecode.swift; path = StockPriceTrackeriOS.swift; sourceTree = "<group>"; };
		F470B3282F7E8FC40044964C /* StockPriceTrackeriOSTests.swift */ = {isa = PBXFileReference; lastKnownFileType = sourcecode.swift; path = StockPriceTrackeriOSTests.swift; sourceTree = "<group>"; };
		F470B32E2F7E92510044964C /* StockPriceTracker.xctestplan */ = {isa = PBXFileReference; lastKnownFileType = text; path = StockPriceTracker.xctestplan; sourceTree = "<group>"; };
		F470B3312F7E930E0044964C /* StockPriceTrackeriOS.xctestplan */ = {isa = PBXFileReference; lastKnownFileType = text; path = StockPriceTrackeriOS.xctestplan; sourceTree = "<group>"; };
		F470B3362F7EAA050044964C /* LoadResourcePresenter.swift */ = {isa = PBXFileReference; lastKnownFileType = sourcecode.swift; path = LoadResourcePresenter.swift; sourceTree = "<group>"; };
		F470B3372F7EAA050044964C /* ResourceErrorViewModel.swift */ = {isa = PBXFileReference; lastKnownFileType = sourcecode.swift; path = ResourceErrorViewModel.swift; sourceTree = "<group>"; };
		F470B3382F7EAA050044964C /* ResourceLoadingViewModel.swift */ = {isa = PBXFileReference; lastKnownFileType = sourcecode.swift; path = ResourceLoadingViewModel.swift; sourceTree = "<group>"; };
		F470B3392F7EAA050044964C /* ResourceView.swift */ = {isa = PBXFileReference; lastKnownFileType = sourcecode.swift; path = ResourceView.swift; sourceTree = "<group>"; };
		F470B33B2F7EAA050044964C /* Stock.swift */ = {isa = PBXFileReference; lastKnownFileType = sourcecode.swift; path = Stock.swift; sourceTree = "<group>"; };
		F470B33C2F7EAA050044964C /* StockFeedController.swift */ = {isa = PBXFileReference; lastKnownFileType = sourcecode.swift; path = StockFeedController.swift; sourceTree = "<group>"; };
		F470B33D2F7EAA050044964C /* StockFeedLoader.swift */ = {isa = PBXFileReference; lastKnownFileType = sourcecode.swift; path = StockFeedLoader.swift; sourceTree = "<group>"; };
		F470B33F2F7EAA050044964C /* SortOption.swift */ = {isa = PBXFileReference; lastKnownFileType = sourcecode.swift; path = SortOption.swift; sourceTree = "<group>"; };
		F470B3402F7EAA050044964C /* StockDetailPresenter.swift */ = {isa = PBXFileReference; lastKnownFileType = sourcecode.swift; path = StockDetailPresenter.swift; sourceTree = "<group>"; };
		F470B3412F7EAA050044964C /* StockPresenter.swift */ = {isa = PBXFileReference; lastKnownFileType = sourcecode.swift; path = StockPresenter.swift; sourceTree = "<group>"; };
		F470B3422F7EAA050044964C /* StockViewModels.swift */ = {isa = PBXFileReference; lastKnownFileType = sourcecode.swift; path = StockViewModels.swift; sourceTree = "<group>"; };
		F470B3442F7EAA050044964C /* StockDescriptions.swift */ = {isa = PBXFileReference; lastKnownFileType = sourcecode.swift; path = StockDescriptions.swift; sourceTree = "<group>"; };
		F470B3452F7EAA050044964C /* StockMessageMapper.swift */ = {isa = PBXFileReference; lastKnownFileType = sourcecode.swift; path = StockMessageMapper.swift; sourceTree = "<group>"; };
		F470B3462F7EAA050044964C /* URLSessionWebSocketClient.swift */ = {isa = PBXFileReference; lastKnownFileType = sourcecode.swift; path = URLSessionWebSocketClient.swift; sourceTree = "<group>"; };
		F470B3472F7EAA050044964C /* WebSocketClient.swift */ = {isa = PBXFileReference; lastKnownFileType = sourcecode.swift; path = WebSocketClient.swift; sourceTree = "<group>"; };
		F470B3482F7EAA050044964C /* WebSocketStockFeedLoader.swift */ = {isa = PBXFileReference; lastKnownFileType = sourcecode.swift; path = WebSocketStockFeedLoader.swift; sourceTree = "<group>"; };
		F48301C52F7E7CEE00310FC2 /* StockPriceTracker.framework */ = {isa = PBXFileReference; explicitFileType = wrapper.framework; includeInIndex = 0; path = StockPriceTracker.framework; sourceTree = BUILT_PRODUCTS_DIR; };
		F48301CE2F7E7CEF00310FC2 /* StockPriceTrackerTests.xctest */ = {isa = PBXFileReference; explicitFileType = wrapper.cfbundle; includeInIndex = 0; path = StockPriceTrackerTests.xctest; sourceTree = BUILT_PRODUCTS_DIR; };
/* End PBXFileReference section */

/* Begin PBXFrameworksBuildPhase section */
		F470B3062F7E8F580044964C /* Frameworks */ = {
			isa = PBXFrameworksBuildPhase;
			buildActionMask = 2147483647;
			files = (
			);
			runOnlyForDeploymentPostprocessing = 0;
		};
		F470B30E2F7E8F580044964C /* Frameworks */ = {
			isa = PBXFrameworksBuildPhase;
			buildActionMask = 2147483647;
			files = (
				F470B3122F7E8F580044964C /* StockPriceTrackeriOS.framework in Frameworks */,
			);
			runOnlyForDeploymentPostprocessing = 0;
		};
		F48301C22F7E7CEE00310FC2 /* Frameworks */ = {
			isa = PBXFrameworksBuildPhase;
			buildActionMask = 2147483647;
			files = (
			);
			runOnlyForDeploymentPostprocessing = 0;
		};
		F48301CB2F7E7CEF00310FC2 /* Frameworks */ = {
			isa = PBXFrameworksBuildPhase;
			buildActionMask = 2147483647;
			files = (
				F48301CF2F7E7CEF00310FC2 /* StockPriceTracker.framework in Frameworks */,
			);
			runOnlyForDeploymentPostprocessing = 0;
		};
/* End PBXFrameworksBuildPhase section */

/* Begin PBXGroup section */
		F428F9AB2F7E7DA000C84A3C /* StockPriceTracker */ = {
			isa = PBXGroup;
			children = (
				F470B33A2F7EAA050044964C /* Shared Presentation */,
				F470B33E2F7EAA050044964C /* Stock Feature */,
				F470B3432F7EAA050044964C /* Stock Presentation */,
				F470B3492F7EAA050044964C /* Stock WebSocket API */,
			);
			path = StockPriceTracker;
			sourceTree = "<group>";
		};
		F428F9AD2F7E7DA000C84A3C /* StockPriceTrackerTests */ = {
			isa = PBXGroup;
			children = (
				F470B32E2F7E92510044964C /* StockPriceTracker.xctestplan */,
				F428F9AC2F7E7DA000C84A3C /* StockPriceTrackerTests.swift */,
			);
			path = StockPriceTrackerTests;
			sourceTree = "<group>";
		};
		F470B3272F7E8FC40044964C /* StockPriceTrackeriOS */ = {
			isa = PBXGroup;
			children = (
				F470B3262F7E8FC40044964C /* StockPriceTrackeriOS.swift */,
			);
			path = StockPriceTrackeriOS;
			sourceTree = "<group>";
		};
		F470B3292F7E8FC40044964C /* StockPriceTrackeriOSTests */ = {
			isa = PBXGroup;
			children = (
				F470B3312F7E930E0044964C /* StockPriceTrackeriOS.xctestplan */,
				F470B3282F7E8FC40044964C /* StockPriceTrackeriOSTests.swift */,
			);
			path = StockPriceTrackeriOSTests;
			sourceTree = "<group>";
		};
		F470B33A2F7EAA050044964C /* Shared Presentation */ = {
			isa = PBXGroup;
			children = (
				F470B3362F7EAA050044964C /* LoadResourcePresenter.swift */,
				F470B3372F7EAA050044964C /* ResourceErrorViewModel.swift */,
				F470B3382F7EAA050044964C /* ResourceLoadingViewModel.swift */,
				F470B3392F7EAA050044964C /* ResourceView.swift */,
			);
			path = "Shared Presentation";
			sourceTree = "<group>";
		};
		F470B33E2F7EAA050044964C /* Stock Feature */ = {
			isa = PBXGroup;
			children = (
				F470B33B2F7EAA050044964C /* Stock.swift */,
				F470B33C2F7EAA050044964C /* StockFeedController.swift */,
				F470B33D2F7EAA050044964C /* StockFeedLoader.swift */,
			);
			path = "Stock Feature";
			sourceTree = "<group>";
		};
		F470B3432F7EAA050044964C /* Stock Presentation */ = {
			isa = PBXGroup;
			children = (
				F470B33F2F7EAA050044964C /* SortOption.swift */,
				F470B3402F7EAA050044964C /* StockDetailPresenter.swift */,
				F470B3412F7EAA050044964C /* StockPresenter.swift */,
				F470B3422F7EAA050044964C /* StockViewModels.swift */,
			);
			path = "Stock Presentation";
			sourceTree = "<group>";
		};
		F470B3492F7EAA050044964C /* Stock WebSocket API */ = {
			isa = PBXGroup;
			children = (
				F470B3442F7EAA050044964C /* StockDescriptions.swift */,
				F470B3452F7EAA050044964C /* StockMessageMapper.swift */,
				F470B3462F7EAA050044964C /* URLSessionWebSocketClient.swift */,
				F470B3472F7EAA050044964C /* WebSocketClient.swift */,
				F470B3482F7EAA050044964C /* WebSocketStockFeedLoader.swift */,
			);
			path = "Stock WebSocket API";
			sourceTree = "<group>";
		};
		F48301BB2F7E7CEE00310FC2 = {
			isa = PBXGroup;
			children = (
				F428F9AB2F7E7DA000C84A3C /* StockPriceTracker */,
				F428F9AD2F7E7DA000C84A3C /* StockPriceTrackerTests */,
				F470B3272F7E8FC40044964C /* StockPriceTrackeriOS */,
				F470B3292F7E8FC40044964C /* StockPriceTrackeriOSTests */,
				F48301C62F7E7CEE00310FC2 /* Products */,
			);
			sourceTree = "<group>";
		};
		F48301C62F7E7CEE00310FC2 /* Products */ = {
			isa = PBXGroup;
			children = (
				F48301C52F7E7CEE00310FC2 /* StockPriceTracker.framework */,
				F48301CE2F7E7CEF00310FC2 /* StockPriceTrackerTests.xctest */,
				F470B3092F7E8F580044964C /* StockPriceTrackeriOS.framework */,
				F470B3112F7E8F580044964C /* StockPriceTrackeriOSTests.xctest */,
			);
			name = Products;
			sourceTree = "<group>";
		};
/* End PBXGroup section */

/* Begin PBXHeadersBuildPhase section */
		F470B3042F7E8F580044964C /* Headers */ = {
			isa = PBXHeadersBuildPhase;
			buildActionMask = 2147483647;
			files = (
			);
			runOnlyForDeploymentPostprocessing = 0;
		};
		F48301C02F7E7CEE00310FC2 /* Headers */ = {
			isa = PBXHeadersBuildPhase;
			buildActionMask = 2147483647;
			files = (
			);
			runOnlyForDeploymentPostprocessing = 0;
		};
/* End PBXHeadersBuildPhase section */

/* Begin PBXNativeTarget section */
		F470B3082F7E8F580044964C /* StockPriceTrackeriOS */ = {
			isa = PBXNativeTarget;
			buildConfigurationList = F470B3182F7E8F580044964C /* Build configuration list for PBXNativeTarget "StockPriceTrackeriOS" */;
			buildPhases = (
				F470B3042F7E8F580044964C /* Headers */,
				F470B3052F7E8F580044964C /* Sources */,
				F470B3062F7E8F580044964C /* Frameworks */,
				F470B3072F7E8F580044964C /* Resources */,
			);
			buildRules = (
			);
			dependencies = (
			);
			name = StockPriceTrackeriOS;
			packageProductDependencies = (
			);
			productName = StockPriceTrackeriOS;
			productReference = F470B3092F7E8F580044964C /* StockPriceTrackeriOS.framework */;
			productType = "com.apple.product-type.framework";
		};
		F470B3102F7E8F580044964C /* StockPriceTrackeriOSTests */ = {
			isa = PBXNativeTarget;
			buildConfigurationList = F470B31B2F7E8F580044964C /* Build configuration list for PBXNativeTarget "StockPriceTrackeriOSTests" */;
			buildPhases = (
				F470B30D2F7E8F580044964C /* Sources */,
				F470B30E2F7E8F580044964C /* Frameworks */,
				F470B30F2F7E8F580044964C /* Resources */,
			);
			buildRules = (
			);
			dependencies = (
				F470B3142F7E8F580044964C /* PBXTargetDependency */,
			);
			name = StockPriceTrackeriOSTests;
			packageProductDependencies = (
			);
			productName = StockPriceTrackeriOSTests;
			productReference = F470B3112F7E8F580044964C /* StockPriceTrackeriOSTests.xctest */;
			productType = "com.apple.product-type.bundle.unit-test";
		};
		F48301C42F7E7CEE00310FC2 /* StockPriceTracker */ = {
			isa = PBXNativeTarget;
			buildConfigurationList = F48301D72F7E7CEF00310FC2 /* Build configuration list for PBXNativeTarget "StockPriceTracker" */;
			buildPhases = (
				F48301C02F7E7CEE00310FC2 /* Headers */,
				F48301C12F7E7CEE00310FC2 /* Sources */,
				F48301C22F7E7CEE00310FC2 /* Frameworks */,
				F48301C32F7E7CEE00310FC2 /* Resources */,
			);
			buildRules = (
			);
			dependencies = (
			);
			name = StockPriceTracker;
			packageProductDependencies = (
			);
			productName = StockPriceTracker;
			productReference = F48301C52F7E7CEE00310FC2 /* StockPriceTracker.framework */;
			productType = "com.apple.product-type.framework";
		};
		F48301CD2F7E7CEF00310FC2 /* StockPriceTrackerTests */ = {
			isa = PBXNativeTarget;
			buildConfigurationList = F48301DA2F7E7CEF00310FC2 /* Build configuration list for PBXNativeTarget "StockPriceTrackerTests" */;
			buildPhases = (
				F48301CA2F7E7CEF00310FC2 /* Sources */,
				F48301CB2F7E7CEF00310FC2 /* Frameworks */,
				F48301CC2F7E7CEF00310FC2 /* Resources */,
			);
			buildRules = (
			);
			dependencies = (
				F48301D12F7E7CEF00310FC2 /* PBXTargetDependency */,
			);
			name = StockPriceTrackerTests;
			packageProductDependencies = (
			);
			productName = StockPriceTrackerTests;
			productReference = F48301CE2F7E7CEF00310FC2 /* StockPriceTrackerTests.xctest */;
			productType = "com.apple.product-type.bundle.unit-test";
		};
/* End PBXNativeTarget section */

/* Begin PBXProject section */
		F48301BC2F7E7CEE00310FC2 /* Project object */ = {
			isa = PBXProject;
			attributes = {
				BuildIndependentTargetsInParallel = 1;
				LastSwiftUpdateCheck = 2640;
				LastUpgradeCheck = 2640;
				TargetAttributes = {
					F470B3082F7E8F580044964C = {
						CreatedOnToolsVersion = 26.4;
					};
					F470B3102F7E8F580044964C = {
						CreatedOnToolsVersion = 26.4;
					};
					F48301C42F7E7CEE00310FC2 = {
						CreatedOnToolsVersion = 26.4;
					};
					F48301CD2F7E7CEF00310FC2 = {
						CreatedOnToolsVersion = 26.4;
					};
				};
			};
			buildConfigurationList = F48301BF2F7E7CEE00310FC2 /* Build configuration list for PBXProject "StockPriceTracker" */;
			developmentRegion = en;
			hasScannedForEncodings = 0;
			knownRegions = (
				en,
				Base,
			);
			mainGroup = F48301BB2F7E7CEE00310FC2;
			minimizedProjectReferenceProxies = 1;
			preferredProjectObjectVersion = 77;
			productRefGroup = F48301C62F7E7CEE00310FC2 /* Products */;
			projectDirPath = "";
			projectRoot = "";
			targets = (
				F48301C42F7E7CEE00310FC2 /* StockPriceTracker */,
				F48301CD2F7E7CEF00310FC2 /* StockPriceTrackerTests */,
				F470B3082F7E8F580044964C /* StockPriceTrackeriOS */,
				F470B3102F7E8F580044964C /* StockPriceTrackeriOSTests */,
			);
		};
/* End PBXProject section */

/* Begin PBXResourcesBuildPhase section */
		F470B3072F7E8F580044964C /* Resources */ = {
			isa = PBXResourcesBuildPhase;
			buildActionMask = 2147483647;
			files = (
			);
			runOnlyForDeploymentPostprocessing = 0;
		};
		F470B30F2F7E8F580044964C /* Resources */ = {
			isa = PBXResourcesBuildPhase;
			buildActionMask = 2147483647;
			files = (
				F470B3322F7E930E0044964C /* StockPriceTrackeriOS.xctestplan in Resources */,
			);
			runOnlyForDeploymentPostprocessing = 0;
		};
		F48301C32F7E7CEE00310FC2 /* Resources */ = {
			isa = PBXResourcesBuildPhase;
			buildActionMask = 2147483647;
			files = (
			);
			runOnlyForDeploymentPostprocessing = 0;
		};
		F48301CC2F7E7CEF00310FC2 /* Resources */ = {
			isa = PBXResourcesBuildPhase;
			buildActionMask = 2147483647;
			files = (
			);
			runOnlyForDeploymentPostprocessing = 0;
		};
/* End PBXResourcesBuildPhase section */

/* Begin PBXSourcesBuildPhase section */
		F470B3052F7E8F580044964C /* Sources */ = {
			isa = PBXSourcesBuildPhase;
			buildActionMask = 2147483647;
			files = (
				F470B32D2F7E8FC40044964C /* StockPriceTrackeriOS.swift in Sources */,
			);
			runOnlyForDeploymentPostprocessing = 0;
		};
		F470B30D2F7E8F580044964C /* Sources */ = {
			isa = PBXSourcesBuildPhase;
			buildActionMask = 2147483647;
			files = (
				F470B32A2F7E8FC40044964C /* StockPriceTrackeriOSTests.swift in Sources */,
				F470B32B2F7E8FC40044964C /* StockPriceTrackeriOS.swift in Sources */,
			);
			runOnlyForDeploymentPostprocessing = 0;
		};
		F48301C12F7E7CEE00310FC2 /* Sources */ = {
			isa = PBXSourcesBuildPhase;
			buildActionMask = 2147483647;
			files = (
				F470B34A2F7EAA050044964C /* ResourceView.swift in Sources */,
				F470B34B2F7EAA050044964C /* StockFeedController.swift in Sources */,
				F470B34C2F7EAA050044964C /* StockViewModels.swift in Sources */,
				F470B34D2F7EAA050044964C /* StockDetailPresenter.swift in Sources */,
				F470B34E2F7EAA050044964C /* StockDescriptions.swift in Sources */,
				F470B34F2F7EAA050044964C /* WebSocketStockFeedLoader.swift in Sources */,
				F470B3502F7EAA050044964C /* StockPresenter.swift in Sources */,
				F470B3512F7EAA050044964C /* SortOption.swift in Sources */,
				F470B3522F7EAA050044964C /* StockFeedLoader.swift in Sources */,
				F470B3532F7EAA050044964C /* StockMessageMapper.swift in Sources */,
				F470B3542F7EAA050044964C /* Stock.swift in Sources */,
				F470B3552F7EAA050044964C /* ResourceErrorViewModel.swift in Sources */,
				F470B3562F7EAA050044964C /* LoadResourcePresenter.swift in Sources */,
				F470B3572F7EAA050044964C /* ResourceLoadingViewModel.swift in Sources */,
				F470B3582F7EAA050044964C /* URLSessionWebSocketClient.swift in Sources */,
				F470B3592F7EAA050044964C /* WebSocketClient.swift in Sources */,
			);
			runOnlyForDeploymentPostprocessing = 0;
		};
		F48301CA2F7E7CEF00310FC2 /* Sources */ = {
			isa = PBXSourcesBuildPhase;
			buildActionMask = 2147483647;
			files = (
				F470B3022F7E8D000044964C /* StockPriceTrackerTests.swift in Sources */,
			);
			runOnlyForDeploymentPostprocessing = 0;
		};
/* End PBXSourcesBuildPhase section */

/* Begin PBXTargetDependency section */
		F470B3142F7E8F580044964C /* PBXTargetDependency */ = {
			isa = PBXTargetDependency;
			target = F470B3082F7E8F580044964C /* StockPriceTrackeriOS */;
			targetProxy = F470B3132F7E8F580044964C /* PBXContainerItemProxy */;
		};
		F48301D12F7E7CEF00310FC2 /* PBXTargetDependency */ = {
			isa = PBXTargetDependency;
			target = F48301C42F7E7CEE00310FC2 /* StockPriceTracker */;
			targetProxy = F48301D02F7E7CEF00310FC2 /* PBXContainerItemProxy */;
		};
/* End PBXTargetDependency section */

/* Begin XCBuildConfiguration section */
		F470B3192F7E8F580044964C /* Debug */ = {
			isa = XCBuildConfiguration;
			buildSettings = {
				BUILD_LIBRARY_FOR_DISTRIBUTION = YES;
				CODE_SIGN_STYLE = Automatic;
				COMBINE_HIDPI_IMAGES = YES;
				CURRENT_PROJECT_VERSION = 1;
				DYLIB_COMPATIBILITY_VERSION = 1;
				DYLIB_CURRENT_VERSION = 1;
				DYLIB_INSTALL_NAME_BASE = "@rpath";
				ENABLE_MODULE_VERIFIER = YES;
				GENERATE_INFOPLIST_FILE = YES;
				INFOPLIST_KEY_NSHumanReadableCopyright = "";
				INSTALL_PATH = "$(LOCAL_LIBRARY_DIR)/Frameworks";
				IPHONEOS_DEPLOYMENT_TARGET = 17.6;
				LD_RUNPATH_SEARCH_PATHS = (
					"$(inherited)",
					"@executable_path/../Frameworks",
					"@loader_path/Frameworks",
				);
				MARKETING_VERSION = 1.0;
				MODULE_VERIFIER_SUPPORTED_LANGUAGES = "objective-c objective-c++";
				MODULE_VERIFIER_SUPPORTED_LANGUAGE_STANDARDS = "gnu17 gnu++20";
				PRODUCT_BUNDLE_IDENTIFIER = com.afsal.StockPriceTrackeriOS;
				PRODUCT_NAME = "$(TARGET_NAME:c99extidentifier)";
				SKIP_INSTALL = YES;
				STRING_CATALOG_GENERATE_SYMBOLS = YES;
				SUPPORTED_PLATFORMS = "iphoneos iphonesimulator";
				SUPPORTS_MACCATALYST = NO;
				SWIFT_APPROACHABLE_CONCURRENCY = YES;
				SWIFT_EMIT_LOC_STRINGS = YES;
				SWIFT_INSTALL_MODULE = YES;
				SWIFT_INSTALL_OBJC_HEADER = NO;
				SWIFT_UPCOMING_FEATURE_MEMBER_IMPORT_VISIBILITY = YES;
				SWIFT_VERSION = 5.0;
				TARGETED_DEVICE_FAMILY = 1;
			};
			name = Debug;
		};
		F470B31A2F7E8F580044964C /* Release */ = {
			isa = XCBuildConfiguration;
			buildSettings = {
				BUILD_LIBRARY_FOR_DISTRIBUTION = YES;
				CODE_SIGN_STYLE = Automatic;
				COMBINE_HIDPI_IMAGES = YES;
				CURRENT_PROJECT_VERSION = 1;
				DYLIB_COMPATIBILITY_VERSION = 1;
				DYLIB_CURRENT_VERSION = 1;
				DYLIB_INSTALL_NAME_BASE = "@rpath";
				ENABLE_MODULE_VERIFIER = YES;
				GENERATE_INFOPLIST_FILE = YES;
				INFOPLIST_KEY_NSHumanReadableCopyright = "";
				INSTALL_PATH = "$(LOCAL_LIBRARY_DIR)/Frameworks";
				IPHONEOS_DEPLOYMENT_TARGET = 17.6;
				LD_RUNPATH_SEARCH_PATHS = (
					"$(inherited)",
					"@executable_path/../Frameworks",
					"@loader_path/Frameworks",
				);
				MARKETING_VERSION = 1.0;
				MODULE_VERIFIER_SUPPORTED_LANGUAGES = "objective-c objective-c++";
				MODULE_VERIFIER_SUPPORTED_LANGUAGE_STANDARDS = "gnu17 gnu++20";
				PRODUCT_BUNDLE_IDENTIFIER = com.afsal.StockPriceTrackeriOS;
				PRODUCT_NAME = "$(TARGET_NAME:c99extidentifier)";
				SKIP_INSTALL = YES;
				STRING_CATALOG_GENERATE_SYMBOLS = YES;
				SUPPORTED_PLATFORMS = "iphoneos iphonesimulator";
				SUPPORTS_MACCATALYST = NO;
				SWIFT_APPROACHABLE_CONCURRENCY = YES;
				SWIFT_EMIT_LOC_STRINGS = YES;
				SWIFT_INSTALL_MODULE = YES;
				SWIFT_INSTALL_OBJC_HEADER = NO;
				SWIFT_UPCOMING_FEATURE_MEMBER_IMPORT_VISIBILITY = YES;
				SWIFT_VERSION = 5.0;
				TARGETED_DEVICE_FAMILY = 1;
			};
			name = Release;
		};
		F470B31C2F7E8F580044964C /* Debug */ = {
			isa = XCBuildConfiguration;
			buildSettings = {
				CODE_SIGN_STYLE = Automatic;
				CURRENT_PROJECT_VERSION = 1;
				GENERATE_INFOPLIST_FILE = YES;
				IPHONEOS_DEPLOYMENT_TARGET = 17.6;
				MARKETING_VERSION = 1.0;
				PRODUCT_BUNDLE_IDENTIFIER = com.afsal.StockPriceTrackeriOSTests;
				PRODUCT_NAME = "$(TARGET_NAME)";
				STRING_CATALOG_GENERATE_SYMBOLS = NO;
				SUPPORTED_PLATFORMS = "iphoneos iphonesimulator";
				SUPPORTS_MACCATALYST = NO;
				SWIFT_APPROACHABLE_CONCURRENCY = YES;
				SWIFT_EMIT_LOC_STRINGS = NO;
				SWIFT_UPCOMING_FEATURE_MEMBER_IMPORT_VISIBILITY = YES;
				SWIFT_VERSION = 5.0;
				TARGETED_DEVICE_FAMILY = 1;
			};
			name = Debug;
		};
		F470B31D2F7E8F580044964C /* Release */ = {
			isa = XCBuildConfiguration;
			buildSettings = {
				CODE_SIGN_STYLE = Automatic;
				CURRENT_PROJECT_VERSION = 1;
				GENERATE_INFOPLIST_FILE = YES;
				IPHONEOS_DEPLOYMENT_TARGET = 17.6;
				MARKETING_VERSION = 1.0;
				PRODUCT_BUNDLE_IDENTIFIER = com.afsal.StockPriceTrackeriOSTests;
				PRODUCT_NAME = "$(TARGET_NAME)";
				STRING_CATALOG_GENERATE_SYMBOLS = NO;
				SUPPORTED_PLATFORMS = "iphoneos iphonesimulator";
				SUPPORTS_MACCATALYST = NO;
				SWIFT_APPROACHABLE_CONCURRENCY = YES;
				SWIFT_EMIT_LOC_STRINGS = NO;
				SWIFT_UPCOMING_FEATURE_MEMBER_IMPORT_VISIBILITY = YES;
				SWIFT_VERSION = 5.0;
				TARGETED_DEVICE_FAMILY = 1;
			};
			name = Release;
		};
		F48301D52F7E7CEF00310FC2 /* Debug */ = {
			isa = XCBuildConfiguration;
			buildSettings = {
				ALWAYS_SEARCH_USER_PATHS = NO;
				ASSETCATALOG_COMPILER_GENERATE_SWIFT_ASSET_SYMBOL_EXTENSIONS = YES;
				CLANG_ANALYZER_NONNULL = YES;
				CLANG_ANALYZER_NUMBER_OBJECT_CONVERSION = YES_AGGRESSIVE;
				CLANG_CXX_LANGUAGE_STANDARD = "gnu++20";
				CLANG_ENABLE_MODULES = YES;
				CLANG_ENABLE_OBJC_ARC = YES;
				CLANG_ENABLE_OBJC_WEAK = YES;
				CLANG_WARN_BLOCK_CAPTURE_AUTORELEASING = YES;
				CLANG_WARN_BOOL_CONVERSION = YES;
				CLANG_WARN_COMMA = YES;
				CLANG_WARN_CONSTANT_CONVERSION = YES;
				CLANG_WARN_DEPRECATED_OBJC_IMPLEMENTATIONS = YES;
				CLANG_WARN_DIRECT_OBJC_ISA_USAGE = YES_ERROR;
				CLANG_WARN_DOCUMENTATION_COMMENTS = YES;
				CLANG_WARN_EMPTY_BODY = YES;
				CLANG_WARN_ENUM_CONVERSION = YES;
				CLANG_WARN_INFINITE_RECURSION = YES;
				CLANG_WARN_INT_CONVERSION = YES;
				CLANG_WARN_NON_LITERAL_NULL_CONVERSION = YES;
				CLANG_WARN_OBJC_IMPLICIT_RETAIN_SELF = YES;
				CLANG_WARN_OBJC_LITERAL_CONVERSION = YES;
				CLANG_WARN_OBJC_ROOT_CLASS = YES_ERROR;
				CLANG_WARN_QUOTED_INCLUDE_IN_FRAMEWORK_HEADER = YES;
				CLANG_WARN_RANGE_LOOP_ANALYSIS = YES;
				CLANG_WARN_STRICT_PROTOTYPES = YES;
				CLANG_WARN_SUSPICIOUS_MOVE = YES;
				CLANG_WARN_UNGUARDED_AVAILABILITY = YES_AGGRESSIVE;
				CLANG_WARN_UNREACHABLE_CODE = YES;
				CLANG_WARN__DUPLICATE_METHOD_MATCH = YES;
				COPY_PHASE_STRIP = NO;
				CURRENT_PROJECT_VERSION = 1;
				DEBUG_INFORMATION_FORMAT = dwarf;
				ENABLE_STRICT_OBJC_MSGSEND = YES;
				ENABLE_TESTABILITY = YES;
				ENABLE_USER_SCRIPT_SANDBOXING = YES;
				GCC_C_LANGUAGE_STANDARD = gnu17;
				GCC_DYNAMIC_NO_PIC = NO;
				GCC_NO_COMMON_BLOCKS = YES;
				GCC_OPTIMIZATION_LEVEL = 0;
				GCC_PREPROCESSOR_DEFINITIONS = (
					"DEBUG=1",
					"$(inherited)",
				);
				GCC_WARN_64_TO_32_BIT_CONVERSION = YES;
				GCC_WARN_ABOUT_RETURN_TYPE = YES_ERROR;
				GCC_WARN_UNDECLARED_SELECTOR = YES;
				GCC_WARN_UNINITIALIZED_AUTOS = YES_AGGRESSIVE;
				GCC_WARN_UNUSED_FUNCTION = YES;
				GCC_WARN_UNUSED_VARIABLE = YES;
				LOCALIZATION_PREFERS_STRING_CATALOGS = YES;
				MACOSX_DEPLOYMENT_TARGET = 26.4;
				MTL_ENABLE_DEBUG_INFO = INCLUDE_SOURCE;
				MTL_FAST_MATH = YES;
				ONLY_ACTIVE_ARCH = YES;
				SDKROOT = macosx;
				SWIFT_ACTIVE_COMPILATION_CONDITIONS = "DEBUG $(inherited)";
				SWIFT_OPTIMIZATION_LEVEL = "-Onone";
				VERSIONING_SYSTEM = "apple-generic";
				VERSION_INFO_PREFIX = "";
			};
			name = Debug;
		};
		F48301D62F7E7CEF00310FC2 /* Release */ = {
			isa = XCBuildConfiguration;
			buildSettings = {
				ALWAYS_SEARCH_USER_PATHS = NO;
				ASSETCATALOG_COMPILER_GENERATE_SWIFT_ASSET_SYMBOL_EXTENSIONS = YES;
				CLANG_ANALYZER_NONNULL = YES;
				CLANG_ANALYZER_NUMBER_OBJECT_CONVERSION = YES_AGGRESSIVE;
				CLANG_CXX_LANGUAGE_STANDARD = "gnu++20";
				CLANG_ENABLE_MODULES = YES;
				CLANG_ENABLE_OBJC_ARC = YES;
				CLANG_ENABLE_OBJC_WEAK = YES;
				CLANG_WARN_BLOCK_CAPTURE_AUTORELEASING = YES;
				CLANG_WARN_BOOL_CONVERSION = YES;
				CLANG_WARN_COMMA = YES;
				CLANG_WARN_CONSTANT_CONVERSION = YES;
				CLANG_WARN_DEPRECATED_OBJC_IMPLEMENTATIONS = YES;
				CLANG_WARN_DIRECT_OBJC_ISA_USAGE = YES_ERROR;
				CLANG_WARN_DOCUMENTATION_COMMENTS = YES;
				CLANG_WARN_EMPTY_BODY = YES;
				CLANG_WARN_ENUM_CONVERSION = YES;
				CLANG_WARN_INFINITE_RECURSION = YES;
				CLANG_WARN_INT_CONVERSION = YES;
				CLANG_WARN_NON_LITERAL_NULL_CONVERSION = YES;
				CLANG_WARN_OBJC_IMPLICIT_RETAIN_SELF = YES;
				CLANG_WARN_OBJC_LITERAL_CONVERSION = YES;
				CLANG_WARN_OBJC_ROOT_CLASS = YES_ERROR;
				CLANG_WARN_QUOTED_INCLUDE_IN_FRAMEWORK_HEADER = YES;
				CLANG_WARN_RANGE_LOOP_ANALYSIS = YES;
				CLANG_WARN_STRICT_PROTOTYPES = YES;
				CLANG_WARN_SUSPICIOUS_MOVE = YES;
				CLANG_WARN_UNGUARDED_AVAILABILITY = YES_AGGRESSIVE;
				CLANG_WARN_UNREACHABLE_CODE = YES;
				CLANG_WARN__DUPLICATE_METHOD_MATCH = YES;
				COPY_PHASE_STRIP = NO;
				CURRENT_PROJECT_VERSION = 1;
				DEBUG_INFORMATION_FORMAT = "dwarf-with-dsym";
				ENABLE_NS_ASSERTIONS = NO;
				ENABLE_STRICT_OBJC_MSGSEND = YES;
				ENABLE_USER_SCRIPT_SANDBOXING = YES;
				GCC_C_LANGUAGE_STANDARD = gnu17;
				GCC_NO_COMMON_BLOCKS = YES;
				GCC_WARN_64_TO_32_BIT_CONVERSION = YES;
				GCC_WARN_ABOUT_RETURN_TYPE = YES_ERROR;
				GCC_WARN_UNDECLARED_SELECTOR = YES;
				GCC_WARN_UNINITIALIZED_AUTOS = YES_AGGRESSIVE;
				GCC_WARN_UNUSED_FUNCTION = YES;
				GCC_WARN_UNUSED_VARIABLE = YES;
				LOCALIZATION_PREFERS_STRING_CATALOGS = YES;
				MACOSX_DEPLOYMENT_TARGET = 26.4;
				MTL_ENABLE_DEBUG_INFO = NO;
				MTL_FAST_MATH = YES;
				SDKROOT = macosx;
				SWIFT_COMPILATION_MODE = wholemodule;
				VERSIONING_SYSTEM = "apple-generic";
				VERSION_INFO_PREFIX = "";
			};
			name = Release;
		};
		F48301D82F7E7CEF00310FC2 /* Debug */ = {
			isa = XCBuildConfiguration;
			buildSettings = {
				BUILD_LIBRARY_FOR_DISTRIBUTION = YES;
				CODE_SIGN_STYLE = Automatic;
				COMBINE_HIDPI_IMAGES = YES;
				CURRENT_PROJECT_VERSION = 1;
				DYLIB_COMPATIBILITY_VERSION = 1;
				DYLIB_CURRENT_VERSION = 1;
				DYLIB_INSTALL_NAME_BASE = "@rpath";
				ENABLE_MODULE_VERIFIER = YES;
				GENERATE_INFOPLIST_FILE = YES;
				INFOPLIST_KEY_NSHumanReadableCopyright = "";
				INSTALL_PATH = "$(LOCAL_LIBRARY_DIR)/Frameworks";
				IPHONEOS_DEPLOYMENT_TARGET = 17.6;
				LD_RUNPATH_SEARCH_PATHS = (
					"$(inherited)",
					"@executable_path/../Frameworks",
					"@loader_path/Frameworks",
				);
				MACOSX_DEPLOYMENT_TARGET = 14.6;
				MARKETING_VERSION = 1.0;
				MODULE_VERIFIER_SUPPORTED_LANGUAGES = "objective-c objective-c++";
				MODULE_VERIFIER_SUPPORTED_LANGUAGE_STANDARDS = "gnu17 gnu++20";
				PRODUCT_BUNDLE_IDENTIFIER = com.afsal.StockPriceTracker;
				PRODUCT_NAME = "$(TARGET_NAME:c99extidentifier)";
				SKIP_INSTALL = YES;
				STRING_CATALOG_GENERATE_SYMBOLS = YES;
				SUPPORTED_PLATFORMS = "iphoneos iphonesimulator macosx";
				SUPPORTS_MACCATALYST = NO;
				SWIFT_APPROACHABLE_CONCURRENCY = YES;
				SWIFT_EMIT_LOC_STRINGS = YES;
				SWIFT_INSTALL_MODULE = YES;
				SWIFT_INSTALL_OBJC_HEADER = NO;
				SWIFT_UPCOMING_FEATURE_MEMBER_IMPORT_VISIBILITY = YES;
				SWIFT_VERSION = 5.0;
				TARGETED_DEVICE_FAMILY = 1;
			};
			name = Debug;
		};
		F48301D92F7E7CEF00310FC2 /* Release */ = {
			isa = XCBuildConfiguration;
			buildSettings = {
				BUILD_LIBRARY_FOR_DISTRIBUTION = YES;
				CODE_SIGN_STYLE = Automatic;
				COMBINE_HIDPI_IMAGES = YES;
				CURRENT_PROJECT_VERSION = 1;
				DYLIB_COMPATIBILITY_VERSION = 1;
				DYLIB_CURRENT_VERSION = 1;
				DYLIB_INSTALL_NAME_BASE = "@rpath";
				ENABLE_MODULE_VERIFIER = YES;
				GENERATE_INFOPLIST_FILE = YES;
				INFOPLIST_KEY_NSHumanReadableCopyright = "";
				INSTALL_PATH = "$(LOCAL_LIBRARY_DIR)/Frameworks";
				IPHONEOS_DEPLOYMENT_TARGET = 17.6;
				LD_RUNPATH_SEARCH_PATHS = (
					"$(inherited)",
					"@executable_path/../Frameworks",
					"@loader_path/Frameworks",
				);
				MACOSX_DEPLOYMENT_TARGET = 14.6;
				MARKETING_VERSION = 1.0;
				MODULE_VERIFIER_SUPPORTED_LANGUAGES = "objective-c objective-c++";
				MODULE_VERIFIER_SUPPORTED_LANGUAGE_STANDARDS = "gnu17 gnu++20";
				PRODUCT_BUNDLE_IDENTIFIER = com.afsal.StockPriceTracker;
				PRODUCT_NAME = "$(TARGET_NAME:c99extidentifier)";
				SKIP_INSTALL = YES;
				STRING_CATALOG_GENERATE_SYMBOLS = YES;
				SUPPORTED_PLATFORMS = "iphoneos iphonesimulator macosx";
				SUPPORTS_MACCATALYST = NO;
				SWIFT_APPROACHABLE_CONCURRENCY = YES;
				SWIFT_EMIT_LOC_STRINGS = YES;
				SWIFT_INSTALL_MODULE = YES;
				SWIFT_INSTALL_OBJC_HEADER = NO;
				SWIFT_UPCOMING_FEATURE_MEMBER_IMPORT_VISIBILITY = YES;
				SWIFT_VERSION = 5.0;
				TARGETED_DEVICE_FAMILY = 1;
			};
			name = Release;
		};
		F48301DB2F7E7CEF00310FC2 /* Debug */ = {
			isa = XCBuildConfiguration;
			buildSettings = {
				CODE_SIGN_STYLE = Automatic;
				CURRENT_PROJECT_VERSION = 1;
				GENERATE_INFOPLIST_FILE = YES;
				IPHONEOS_DEPLOYMENT_TARGET = 17.6;
				MACOSX_DEPLOYMENT_TARGET = 14.6;
				MARKETING_VERSION = 1.0;
				PRODUCT_BUNDLE_IDENTIFIER = com.afsal.StockPriceTrackerTests;
				PRODUCT_NAME = "$(TARGET_NAME)";
				STRING_CATALOG_GENERATE_SYMBOLS = NO;
				SUPPORTED_PLATFORMS = "iphoneos iphonesimulator macosx";
				SUPPORTS_MACCATALYST = NO;
				SWIFT_APPROACHABLE_CONCURRENCY = YES;
				SWIFT_EMIT_LOC_STRINGS = NO;
				SWIFT_UPCOMING_FEATURE_MEMBER_IMPORT_VISIBILITY = YES;
				SWIFT_VERSION = 5.0;
				TARGETED_DEVICE_FAMILY = 1;
			};
			name = Debug;
		};
		F48301DC2F7E7CEF00310FC2 /* Release */ = {
			isa = XCBuildConfiguration;
			buildSettings = {
				CODE_SIGN_STYLE = Automatic;
				CURRENT_PROJECT_VERSION = 1;
				GENERATE_INFOPLIST_FILE = YES;
				IPHONEOS_DEPLOYMENT_TARGET = 17.6;
				MACOSX_DEPLOYMENT_TARGET = 14.6;
				MARKETING_VERSION = 1.0;
				PRODUCT_BUNDLE_IDENTIFIER = com.afsal.StockPriceTrackerTests;
				PRODUCT_NAME = "$(TARGET_NAME)";
				STRING_CATALOG_GENERATE_SYMBOLS = NO;
				SUPPORTED_PLATFORMS = "iphoneos iphonesimulator macosx";
				SUPPORTS_MACCATALYST = NO;
				SWIFT_APPROACHABLE_CONCURRENCY = YES;
				SWIFT_EMIT_LOC_STRINGS = NO;
				SWIFT_UPCOMING_FEATURE_MEMBER_IMPORT_VISIBILITY = YES;
				SWIFT_VERSION = 5.0;
				TARGETED_DEVICE_FAMILY = 1;
			};
			name = Release;
		};
/* End XCBuildConfiguration section */

/* Begin XCConfigurationList section */
		F470B3182F7E8F580044964C /* Build configuration list for PBXNativeTarget "StockPriceTrackeriOS" */ = {
			isa = XCConfigurationList;
			buildConfigurations = (
				F470B3192F7E8F580044964C /* Debug */,
				F470B31A2F7E8F580044964C /* Release */,
			);
			defaultConfigurationIsVisible = 0;
			defaultConfigurationName = Release;
		};
		F470B31B2F7E8F580044964C /* Build configuration list for PBXNativeTarget "StockPriceTrackeriOSTests" */ = {
			isa = XCConfigurationList;
			buildConfigurations = (
				F470B31C2F7E8F580044964C /* Debug */,
				F470B31D2F7E8F580044964C /* Release */,
			);
			defaultConfigurationIsVisible = 0;
			defaultConfigurationName = Release;
		};
		F48301BF2F7E7CEE00310FC2 /* Build configuration list for PBXProject "StockPriceTracker" */ = {
			isa = XCConfigurationList;
			buildConfigurations = (
				F48301D52F7E7CEF00310FC2 /* Debug */,
				F48301D62F7E7CEF00310FC2 /* Release */,
			);
			defaultConfigurationIsVisible = 0;
			defaultConfigurationName = Release;
		};
		F48301D72F7E7CEF00310FC2 /* Build configuration list for PBXNativeTarget "StockPriceTracker" */ = {
			isa = XCConfigurationList;
			buildConfigurations = (
				F48301D82F7E7CEF00310FC2 /* Debug */,
				F48301D92F7E7CEF00310FC2 /* Release */,
			);
			defaultConfigurationIsVisible = 0;
			defaultConfigurationName = Release;
		};
		F48301DA2F7E7CEF00310FC2 /* Build configuration list for PBXNativeTarget "StockPriceTrackerTests" */ = {
			isa = XCConfigurationList;
			buildConfigurations = (
				F48301DB2F7E7CEF00310FC2 /* Debug */,
				F48301DC2F7E7CEF00310FC2 /* Release */,
			);
			defaultConfigurationIsVisible = 0;
			defaultConfigurationName = Release;
		};
/* End XCConfigurationList section */
	};
	rootObject = F48301BC2F7E7CEE00310FC2 /* Project object */;
}
